
Microsoft Visual Studio Solution File, Format Version 12.00
# Visual Studio Version 17
VisualStudioVersion = 17.7.34031.279
MinimumVisualStudioVersion = 10.0.40219.1
Project("{FAE04EC0-301F-11D3-BF4B-00C04F79EFBC}") = "BackgroundSupportApi", "BackgroundSupportApi\BackgroundSupportApi.csproj", "{FA4A3571-9570-4A7F-BAD3-6929C5DF4773}"
EndProject
Global
	GlobalSection(SolutionConfigurationPlatforms) = preSolution
		Debug|Any CPU = Debug|Any CPU
		Release|Any CPU = Release|Any CPU
	EndGlobalSection
	GlobalSection(ProjectConfigurationPlatforms) = postSolution
		{FA4A3571-9570-4A7F-BAD3-6929C5DF4773}.Debug|Any CPU.ActiveCfg = Debug|Any CPU
		{FA4A3571-9570-4A7F-BAD3-6929C5DF4773}.Debug|Any CPU.Build.0 = Debug|Any CPU
		{FA4A3571-9570-4A7F-BAD3-6929C5DF4773}.Release|Any CPU.ActiveCfg = Release|Any CPU
		{FA4A3571-9570-4A7F-BAD3-6929C5DF4773}.Release|Any CPU.Build.0 = Release|Any CPU
	EndGlobalSection
	GlobalSection(SolutionProperties) = preSolution
		HideSolutionNode = FALSE
	EndGlobalSection
	GlobalSection(ExtensibilityGlobals) = postSolution
		SolutionGuid = {4E15FA44-B7EA-4C4F-9B34-8E430D5DC844}
	EndGlobalSection
EndGlobal
